// !$*UTF8*$!
{
	archiveVersion = 1;
	classes = {
	};
	objectVersion = 77;
	objects = {

/* Begin PBXBuildFile section */
		9D1630D22E82AD4D0017E026 /* MLXEmbedders in Frameworks */ = {isa = PBXBuildFile; productRef = 9D1630D12E82AD4D0017E026 /* MLXEmbedders */; };
		9D1630D42E82AD4D0017E026 /* MLXLLM in Frameworks */ = {isa = PBXBuildFile; productRef = 9D1630D32E82AD4D0017E026 /* MLXLLM */; };
		9D1630D62E82AD4D0017E026 /* MLXLMCommon in Frameworks */ = {isa = PBXBuildFile; productRef = 9D1630D52E82AD4D0017E026 /* MLXLMCommon */; };
		9D1630D82E82AD4D0017E026 /* MLXMNIST in Frameworks */ = {isa = PBXBuildFile; productRef = 9D1630D72E82AD4D0017E026 /* MLXMNIST */; };
		9D1630DA2E82AD4D0017E026 /* MLXVLM in Frameworks */ = {isa = PBXBuildFile; productRef = 9D1630D92E82AD4D0017E026 /* MLXVLM */; };
		9D16322E2E82B1520017E026 /* MLXEmbedders in Frameworks */ = {isa = PBXBuildFile; productRef = 9D16322D2E82B1520017E026 /* MLXEmbedders */; };
		9D1632302E82B1520017E026 /* MLXLLM in Frameworks */ = {isa = PBXBuildFile; productRef = 9D16322F2E82B1520017E026 /* MLXLLM */; };
		9D1632322E82B1520017E026 /* MLXLMCommon in Frameworks */ = {isa = PBXBuildFile; productRef = 9D1632312E82B1520017E026 /* MLXLMCommon */; };
		9D1632342E82B1520017E026 /* MLXMNIST in Frameworks */ = {isa = PBXBuildFile; productRef = 9D1632332E82B1520017E026 /* MLXMNIST */; };
		9D1632362E82B1520017E026 /* MLXVLM in Frameworks */ = {isa = PBXBuildFile; productRef = 9D1632352E82B1520017E026 /* MLXVLM */; };
/* End PBXBuildFile section */

/* Begin PBXFileReference section */
		9D1630A42E82AAB30017E026 /* gym.app */ = {isa = PBXFileReference; explicitFileType = wrapper.application; includeInIndex = 0; path = gym.app; sourceTree = BUILT_PRODUCTS_DIR; };
		9D1630CE2E82AB0C0017E026 /* mlx-libraries */ = {isa = PBXFileReference; lastKnownFileType = wrapper; path = "mlx-libraries"; sourceTree = "<group>"; };
/* End PBXFileReference section */

/* Begin PBXFileSystemSynchronizedRootGroup section */
		9D1631F72E82AF6C0017E026 /* MLXChatExample */ = {
			isa = PBXFileSystemSynchronizedRootGroup;
			path = MLXChatExample;
			sourceTree = "<group>";
		};
/* End PBXFileSystemSynchronizedRootGroup section */

/* Begin PBXFrameworksBuildPhase section */
		9D1630A12E82AAB30017E026 /* Frameworks */ = {
			isa = PBXFrameworksBuildPhase;
			buildActionMask = 2147483647;
			files = (
				9D1632362E82B1520017E026 /* MLXVLM in Frameworks */,
				9D1632342E82B1520017E026 /* MLXMNIST in Frameworks */,
				9D1632302E82B1520017E026 /* MLXLLM in Frameworks */,
				9D1630DA2E82AD4D0017E026 /* MLXVLM in Frameworks */,
				9D1630D82E82AD4D0017E026 /* MLXMNIST in Frameworks */,
				9D16322E2E82B1520017E026 /* MLXEmbedders in Frameworks */,
				9D1630D42E82AD4D0017E026 /* MLXLLM in Frameworks */,
				9D1630D62E82AD4D0017E026 /* MLXLMCommon in Frameworks */,
				9D1632322E82B1520017E026 /* MLXLMCommon in Frameworks */,
				9D1630D22E82AD4D0017E026 /* MLXEmbedders in Frameworks */,
			);
			runOnlyForDeploymentPostprocessing = 0;
		};
/* End PBXFrameworksBuildPhase section */

/* Begin PBXGroup section */
		9D16309B2E82AAB30017E026 = {
			isa = PBXGroup;
			children = (
				9D1631F72E82AF6C0017E026 /* MLXChatExample */,
				9D1630A52E82AAB30017E026 /* Products */,
				9D1630CE2E82AB0C0017E026 /* mlx-libraries */,
			);
			sourceTree = "<group>";
		};
		9D1630A52E82AAB30017E026 /* Products */ = {
			isa = PBXGroup;
			children = (
				9D1630A42E82AAB30017E026 /* gym.app */,
			);
			name = Products;
			sourceTree = "<group>";
		};
/* End PBXGroup section */

/* Begin PBXNativeTarget section */
		9D1630A32E82AAB30017E026 /* gym */ = {
			isa = PBXNativeTarget;
			buildConfigurationList = 9D1630C52E82AAB50017E026 /* Build configuration list for PBXNativeTarget "gym" */;
			buildPhases = (
				9D1630A02E82AAB30017E026 /* Sources */,
				9D1630A12E82AAB30017E026 /* Frameworks */,
				9D1630A22E82AAB30017E026 /* Resources */,
			);
			buildRules = (
			);
			dependencies = (
			);
			fileSystemSynchronizedGroups = (
				9D1631F72E82AF6C0017E026 /* MLXChatExample */,
			);
			name = gym;
			packageProductDependencies = (
				9D1630D12E82AD4D0017E026 /* MLXEmbedders */,
				9D1630D32E82AD4D0017E026 /* MLXLLM */,
				9D1630D52E82AD4D0017E026 /* MLXLMCommon */,
				9D1630D72E82AD4D0017E026 /* MLXMNIST */,
				9D1630D92E82AD4D0017E026 /* MLXVLM */,
				9D16322D2E82B1520017E026 /* MLXEmbedders */,
				9D16322F2E82B1520017E026 /* MLXLLM */,
				9D1632312E82B1520017E026 /* MLXLMCommon */,
				9D1632332E82B1520017E026 /* MLXMNIST */,
				9D1632352E82B1520017E026 /* MLXVLM */,
			);
			productName = gym;
			productReference = 9D1630A42E82AAB30017E026 /* gym.app */;
			productType = "com.apple.product-type.application";
		};
/* End PBXNativeTarget section */

/* Begin PBXProject section */
		9D16309C2E82AAB30017E026 /* Project object */ = {
			isa = PBXProject;
			attributes = {
				BuildIndependentTargetsInParallel = 1;
				LastSwiftUpdateCheck = 2600;
				LastUpgradeCheck = 2600;
				TargetAttributes = {
					9D1630A32E82AAB30017E026 = {
						CreatedOnToolsVersion = 26.0;
					};
				};
			};
			buildConfigurationList = 9D16309F2E82AAB30017E026 /* Build configuration list for PBXProject "gym" */;
			developmentRegion = en;
			hasScannedForEncodings = 0;
			knownRegions = (
				en,
				Base,
			);
			mainGroup = 9D16309B2E82AAB30017E026;
			minimizedProjectReferenceProxies = 1;
			packageReferences = (
				9D16322C2E82B1520017E026 /* XCLocalSwiftPackageReference "mlx-libraries" */,
			);
			preferredProjectObjectVersion = 77;
			productRefGroup = 9D1630A52E82AAB30017E026 /* Products */;
			projectDirPath = "";
			projectRoot = "";
			targets = (
				9D1630A32E82AAB30017E026 /* gym */,
			);
		};
/* End PBXProject section */

/* Begin PBXResourcesBuildPhase section */
		9D1630A22E82AAB30017E026 /* Resources */ = {
			isa = PBXResourcesBuildPhase;
			buildActionMask = 2147483647;
			files = (
			);
			runOnlyForDeploymentPostprocessing = 0;
		};
/* End PBXResourcesBuildPhase section */

/* Begin PBXSourcesBuildPhase section */
		9D1630A02E82AAB30017E026 /* Sources */ = {
			isa = PBXSourcesBuildPhase;
			buildActionMask = 2147483647;
			files = (
			);
			runOnlyForDeploymentPostprocessing = 0;
		};
/* End PBXSourcesBuildPhase section */

/* Begin XCBuildConfiguration section */
		9D1630C32E82AAB50017E026 /* Debug */ = {
			isa = XCBuildConfiguration;
			buildSettings = {
				ALWAYS_SEARCH_USER_PATHS = NO;
				ASSETCATALOG_COMPILER_GENERATE_SWIFT_ASSET_SYMBOL_EXTENSIONS = YES;
				CLANG_ANALYZER_NONNULL = YES;
				CLANG_ANALYZER_NUMBER_OBJECT_CONVERSION = YES_AGGRESSIVE;
				CLANG_CXX_LANGUAGE_STANDARD = "gnu++20";
				CLANG_ENABLE_MODULES = YES;
				CLANG_ENABLE_OBJC_ARC = YES;
				CLANG_ENABLE_OBJC_WEAK = YES;
				CLANG_WARN_BLOCK_CAPTURE_AUTORELEASING = YES;
				CLANG_WARN_BOOL_CONVERSION = YES;
				CLANG_WARN_COMMA = YES;
				CLANG_WARN_CONSTANT_CONVERSION = YES;
				CLANG_WARN_DEPRECATED_OBJC_IMPLEMENTATIONS = YES;
				CLANG_WARN_DIRECT_OBJC_ISA_USAGE = YES_ERROR;
				CLANG_WARN_DOCUMENTATION_COMMENTS = YES;
				CLANG_WARN_EMPTY_BODY = YES;
				CLANG_WARN_ENUM_CONVERSION = YES;
				CLANG_WARN_INFINITE_RECURSION = YES;
				CLANG_WARN_INT_CONVERSION = YES;
				CLANG_WARN_NON_LITERAL_NULL_CONVERSION = YES;
				CLANG_WARN_OBJC_IMPLICIT_RETAIN_SELF = YES;
				CLANG_WARN_OBJC_LITERAL_CONVERSION = YES;
				CLANG_WARN_OBJC_ROOT_CLASS = YES_ERROR;
				CLANG_WARN_QUOTED_INCLUDE_IN_FRAMEWORK_HEADER = YES;
				CLANG_WARN_RANGE_LOOP_ANALYSIS = YES;
				CLANG_WARN_STRICT_PROTOTYPES = YES;
				CLANG_WARN_SUSPICIOUS_MOVE = YES;
				CLANG_WARN_UNGUARDED_AVAILABILITY = YES_AGGRESSIVE;
				CLANG_WARN_UNREACHABLE_CODE = YES;
				CLANG_WARN__DUPLICATE_METHOD_MATCH = YES;
				COPY_PHASE_STRIP = NO;
				DEBUG_INFORMATION_FORMAT = dwarf;
				DEVELOPMENT_TEAM = UW9295Z57Q;
				ENABLE_STRICT_OBJC_MSGSEND = YES;
				ENABLE_TESTABILITY = YES;
				ENABLE_USER_SCRIPT_SANDBOXING = YES;
				GCC_C_LANGUAGE_STANDARD = gnu17;
				GCC_DYNAMIC_NO_PIC = NO;
				GCC_NO_COMMON_BLOCKS = YES;
				GCC_OPTIMIZATION_LEVEL = 0;
				GCC_PREPROCESSOR_DEFINITIONS = (
					"DEBUG=1",
					"$(inherited)",
				);
				GCC_WARN_64_TO_32_BIT_CONVERSION = YES;
				GCC_WARN_ABOUT_RETURN_TYPE = YES_ERROR;
				GCC_WARN_UNDECLARED_SELECTOR = YES;
				GCC_WARN_UNINITIALIZED_AUTOS = YES_AGGRESSIVE;
				GCC_WARN_UNUSED_FUNCTION = YES;
				GCC_WARN_UNUSED_VARIABLE = YES;
				IPHONEOS_DEPLOYMENT_TARGET = 26.0;
				LOCALIZATION_PREFERS_STRING_CATALOGS = YES;
				MTL_ENABLE_DEBUG_INFO = INCLUDE_SOURCE;
				MTL_FAST_MATH = YES;
				ONLY_ACTIVE_ARCH = YES;
				SDKROOT = iphoneos;
				SWIFT_ACTIVE_COMPILATION_CONDITIONS = "DEBUG $(inherited)";
				SWIFT_OPTIMIZATION_LEVEL = "-Onone";
			};
			name = Debug;
		};
		9D1630C42E82AAB50017E026 /* Release */ = {
			isa = XCBuildConfiguration;
			buildSettings = {
				ALWAYS_SEARCH_USER_PATHS = NO;
				ASSETCATALOG_COMPILER_GENERATE_SWIFT_ASSET_SYMBOL_EXTENSIONS = YES;
				CLANG_ANALYZER_NONNULL = YES;
				CLANG_ANALYZER_NUMBER_OBJECT_CONVERSION = YES_AGGRESSIVE;
				CLANG_CXX_LANGUAGE_STANDARD = "gnu++20";
				CLANG_ENABLE_MODULES = YES;
				CLANG_ENABLE_OBJC_ARC = YES;
				CLANG_ENABLE_OBJC_WEAK = YES;
				CLANG_WARN_BLOCK_CAPTURE_AUTORELEASING = YES;
				CLANG_WARN_BOOL_CONVERSION = YES;
				CLANG_WARN_COMMA = YES;
				CLANG_WARN_CONSTANT_CONVERSION = YES;
				CLANG_WARN_DEPRECATED_OBJC_IMPLEMENTATIONS = YES;
				CLANG_WARN_DIRECT_OBJC_ISA_USAGE = YES_ERROR;
				CLANG_WARN_DOCUMENTATION_COMMENTS = YES;
				CLANG_WARN_EMPTY_BODY = YES;
				CLANG_WARN_ENUM_CONVERSION = YES;
				CLANG_WARN_INFINITE_RECURSION = YES;
				CLANG_WARN_INT_CONVERSION = YES;
				CLANG_WARN_NON_LITERAL_NULL_CONVERSION = YES;
				CLANG_WARN_OBJC_IMPLICIT_RETAIN_SELF = YES;
				CLANG_WARN_OBJC_LITERAL_CONVERSION = YES;
				CLANG_WARN_OBJC_ROOT_CLASS = YES_ERROR;
				CLANG_WARN_QUOTED_INCLUDE_IN_FRAMEWORK_HEADER = YES;
				CLANG_WARN_RANGE_LOOP_ANALYSIS = YES;
				CLANG_WARN_STRICT_PROTOTYPES = YES;
				CLANG_WARN_SUSPICIOUS_MOVE = YES;
				CLANG_WARN_UNGUARDED_AVAILABILITY = YES_AGGRESSIVE;
				CLANG_WARN_UNREACHABLE_CODE = YES;
				CLANG_WARN__DUPLICATE_METHOD_MATCH = YES;
				COPY_PHASE_STRIP = NO;
				DEBUG_INFORMATION_FORMAT = "dwarf-with-dsym";
				DEVELOPMENT_TEAM = UW9295Z57Q;
				ENABLE_NS_ASSERTIONS = NO;
				ENABLE_STRICT_OBJC_MSGSEND = YES;
				ENABLE_USER_SCRIPT_SANDBOXING = YES;
				GCC_C_LANGUAGE_STANDARD = gnu17;
				GCC_NO_COMMON_BLOCKS = YES;
				GCC_WARN_64_TO_32_BIT_CONVERSION = YES;
				GCC_WARN_ABOUT_RETURN_TYPE = YES_ERROR;
				GCC_WARN_UNDECLARED_SELECTOR = YES;
				GCC_WARN_UNINITIALIZED_AUTOS = YES_AGGRESSIVE;
				GCC_WARN_UNUSED_FUNCTION = YES;
				GCC_WARN_UNUSED_VARIABLE = YES;
				IPHONEOS_DEPLOYMENT_TARGET = 26.0;
				LOCALIZATION_PREFERS_STRING_CATALOGS = YES;
				MTL_ENABLE_DEBUG_INFO = NO;
				MTL_FAST_MATH = YES;
				SDKROOT = iphoneos;
				SWIFT_COMPILATION_MODE = wholemodule;
				VALIDATE_PRODUCT = YES;
			};
			name = Release;
		};
		9D1630C62E82AAB50017E026 /* Debug */ = {
			isa = XCBuildConfiguration;
			buildSettings = {
				ASSETCATALOG_COMPILER_APPICON_NAME = AppIcon;
				ASSETCATALOG_COMPILER_GLOBAL_ACCENT_COLOR_NAME = AccentColor;
				CODE_SIGN_STYLE = Automatic;
				CURRENT_PROJECT_VERSION = 1;
				DEVELOPMENT_TEAM = UW9295Z57Q;
				ENABLE_PREVIEWS = YES;
				GENERATE_INFOPLIST_FILE = YES;
				INFOPLIST_KEY_UIApplicationSceneManifest_Generation = YES;
				INFOPLIST_KEY_UIApplicationSupportsIndirectInputEvents = YES;
				INFOPLIST_KEY_UILaunchScreen_Generation = YES;
				INFOPLIST_KEY_UISupportedInterfaceOrientations_iPad = "UIInterfaceOrientationPortrait UIInterfaceOrientationPortraitUpsideDown UIInterfaceOrientationLandscapeLeft UIInterfaceOrientationLandscapeRight";
				INFOPLIST_KEY_UISupportedInterfaceOrientations_iPhone = "UIInterfaceOrientationPortrait UIInterfaceOrientationLandscapeLeft UIInterfaceOrientationLandscapeRight";
				LD_RUNPATH_SEARCH_PATHS = (
					"$(inherited)",
					"@executable_path/Frameworks",
				);
				MARKETING_VERSION = 1.0;
				PRODUCT_BUNDLE_IDENTIFIER = com.tenedict.test.gym;
				PRODUCT_NAME = "$(TARGET_NAME)";
				STRING_CATALOG_GENERATE_SYMBOLS = YES;
				SWIFT_APPROACHABLE_CONCURRENCY = YES;
				SWIFT_DEFAULT_ACTOR_ISOLATION = MainActor;
				SWIFT_EMIT_LOC_STRINGS = YES;
				SWIFT_UPCOMING_FEATURE_MEMBER_IMPORT_VISIBILITY = YES;
				SWIFT_VERSION = 5.0;
				TARGETED_DEVICE_FAMILY = "1,2";
			};
			name = Debug;
		};
		9D1630C72E82AAB50017E026 /* Release */ = {
			isa = XCBuildConfiguration;
			buildSettings = {
				ASSETCATALOG_COMPILER_APPICON_NAME = AppIcon;
				ASSETCATALOG_COMPILER_GLOBAL_ACCENT_COLOR_NAME = AccentColor;
				CODE_SIGN_STYLE = Automatic;
				CURRENT_PROJECT_VERSION = 1;
				DEVELOPMENT_TEAM = UW9295Z57Q;
				ENABLE_PREVIEWS = YES;
				GENERATE_INFOPLIST_FILE = YES;
				INFOPLIST_KEY_UIApplicationSceneManifest_Generation = YES;
				INFOPLIST_KEY_UIApplicationSupportsIndirectInputEvents = YES;
				INFOPLIST_KEY_UILaunchScreen_Generation = YES;
				INFOPLIST_KEY_UISupportedInterfaceOrientations_iPad = "UIInterfaceOrientationPortrait UIInterfaceOrientationPortraitUpsideDown UIInterfaceOrientationLandscapeLeft UIInterfaceOrientationLandscapeRight";
				INFOPLIST_KEY_UISupportedInterfaceOrientations_iPhone = "UIInterfaceOrientationPortrait UIInterfaceOrientationLandscapeLeft UIInterfaceOrientationLandscapeRight";
				LD_RUNPATH_SEARCH_PATHS = (
					"$(inherited)",
					"@executable_path/Frameworks",
				);
				MARKETING_VERSION = 1.0;
				PRODUCT_BUNDLE_IDENTIFIER = com.tenedict.test.gym;
				PRODUCT_NAME = "$(TARGET_NAME)";
				STRING_CATALOG_GENERATE_SYMBOLS = YES;
				SWIFT_APPROACHABLE_CONCURRENCY = YES;
				SWIFT_DEFAULT_ACTOR_ISOLATION = MainActor;
				SWIFT_EMIT_LOC_STRINGS = YES;
				SWIFT_UPCOMING_FEATURE_MEMBER_IMPORT_VISIBILITY = YES;
				SWIFT_VERSION = 5.0;
				TARGETED_DEVICE_FAMILY = "1,2";
			};
			name = Release;
		};
/* End XCBuildConfiguration section */

/* Begin XCConfigurationList section */
		9D16309F2E82AAB30017E026 /* Build configuration list for PBXProject "gym" */ = {
			isa = XCConfigurationList;
			buildConfigurations = (
				9D1630C32E82AAB50017E026 /* Debug */,
				9D1630C42E82AAB50017E026 /* Release */,
			);
			defaultConfigurationIsVisible = 0;
			defaultConfigurationName = Release;
		};
		9D1630C52E82AAB50017E026 /* Build configuration list for PBXNativeTarget "gym" */ = {
			isa = XCConfigurationList;
			buildConfigurations = (
				9D1630C62E82AAB50017E026 /* Debug */,
				9D1630C72E82AAB50017E026 /* Release */,
			);
			defaultConfigurationIsVisible = 0;
			defaultConfigurationName = Release;
		};
/* End XCConfigurationList section */

/* Begin XCLocalSwiftPackageReference section */
		9D16322C2E82B1520017E026 /* XCLocalSwiftPackageReference "mlx-libraries" */ = {
			isa = XCLocalSwiftPackageReference;
			relativePath = "mlx-libraries";
		};
/* End XCLocalSwiftPackageReference section */

/* Begin XCSwiftPackageProductDependency section */
		9D1630D12E82AD4D0017E026 /* MLXEmbedders */ = {
			isa = XCSwiftPackageProductDependency;
			productName = MLXEmbedders;
		};
		9D1630D32E82AD4D0017E026 /* MLXLLM */ = {
			isa = XCSwiftPackageProductDependency;
			productName = MLXLLM;
		};
		9D1630D52E82AD4D0017E026 /* MLXLMCommon */ = {
			isa = XCSwiftPackageProductDependency;
			productName = MLXLMCommon;
		};
		9D1630D72E82AD4D0017E026 /* MLXMNIST */ = {
			isa = XCSwiftPackageProductDependency;
			productName = MLXMNIST;
		};
		9D1630D92E82AD4D0017E026 /* MLXVLM */ = {
			isa = XCSwiftPackageProductDependency;
			productName = MLXVLM;
		};
		9D16322D2E82B1520017E026 /* MLXEmbedders */ = {
			isa = XCSwiftPackageProductDependency;
			productName = MLXEmbedders;
		};
		9D16322F2E82B1520017E026 /* MLXLLM */ = {
			isa = XCSwiftPackageProductDependency;
			productName = MLXLLM;
		};
		9D1632312E82B1520017E026 /* MLXLMCommon */ = {
			isa = XCSwiftPackageProductDependency;
			productName = MLXLMCommon;
		};
		9D1632332E82B1520017E026 /* MLXMNIST */ = {
			isa = XCSwiftPackageProductDependency;
			productName = MLXMNIST;
		};
		9D1632352E82B1520017E026 /* MLXVLM */ = {
			isa = XCSwiftPackageProductDependency;
			productName = MLXVLM;
		};
/* End XCSwiftPackageProductDependency section */
	};
	rootObject = 9D16309C2E82AAB30017E026 /* Project object */;
}
